// !$*UTF8*$!
{
	archiveVersion = 1;
	classes = {
	};
	objectVersion = 56;
	objects = {

/* Begin PBXBuildFile section */
		A853E1192A58D4CA00D2EA76 /* Feel_HangeulApp.swift in Sources */ = {isa = PBXBuildFile; fileRef = A853E1182A58D4CA00D2EA76 /* Feel_HangeulApp.swift */; };
		A853E11B2A58D4CA00D2EA76 /* ContentView.swift in Sources */ = {isa = PBXBuildFile; fileRef = A853E11A2A58D4CA00D2EA76 /* ContentView.swift */; };
		A853E11D2A58D4CB00D2EA76 /* Assets.xcassets in Resources */ = {isa = PBXBuildFile; fileRef = A853E11C2A58D4CB00D2EA76 /* Assets.xcassets */; };
		A853E1202A58D4CB00D2EA76 /* Preview Assets.xcassets in Resources */ = {isa = PBXBuildFile; fileRef = A853E11F2A58D4CB00D2EA76 /* Preview Assets.xcassets */; };
		A853E12A2A58D7F400D2EA76 /* Color.swift in Sources */ = {isa = PBXBuildFile; fileRef = A853E1292A58D7F400D2EA76 /* Color.swift */; };
		A853E12D2A58D82F00D2EA76 /* CapusuleGroupView.swift in Sources */ = {isa = PBXBuildFile; fileRef = A853E12C2A58D82F00D2EA76 /* CapusuleGroupView.swift */; };
		A853E12F2A58D85500D2EA76 /* ShrinkingCapsule.swift in Sources */ = {isa = PBXBuildFile; fileRef = A853E12E2A58D85500D2EA76 /* ShrinkingCapsule.swift */; };
		A853E1312A58D87400D2EA76 /* DetailWordView.swift in Sources */ = {isa = PBXBuildFile; fileRef = A853E1302A58D87400D2EA76 /* DetailWordView.swift */; };
		A853E1332A58D8B900D2EA76 /* HeartBeatView.swift in Sources */ = {isa = PBXBuildFile; fileRef = A853E1322A58D8B900D2EA76 /* HeartBeatView.swift */; };
		A853E1352A58D8D900D2EA76 /* LowerCapsuleView.swift in Sources */ = {isa = PBXBuildFile; fileRef = A853E1342A58D8D900D2EA76 /* LowerCapsuleView.swift */; };
		A853E1372A58D8F700D2EA76 /* wordCardView.swift in Sources */ = {isa = PBXBuildFile; fileRef = A853E1362A58D8F700D2EA76 /* wordCardView.swift */; };
		A853E13A2A58D96000D2EA76 /* Const.swift in Sources */ = {isa = PBXBuildFile; fileRef = A853E1392A58D96000D2EA76 /* Const.swift */; };
		A853E13C2A58D97400D2EA76 /* CyclicTimelineSchedule.swift in Sources */ = {isa = PBXBuildFile; fileRef = A853E13B2A58D97400D2EA76 /* CyclicTimelineSchedule.swift */; };
		A853E13E2A58D99A00D2EA76 /* SoundManager.swift in Sources */ = {isa = PBXBuildFile; fileRef = A853E13D2A58D99A00D2EA76 /* SoundManager.swift */; };
		A853E1402A58D9B100D2EA76 /* TTSManager.swift in Sources */ = {isa = PBXBuildFile; fileRef = A853E13F2A58D9B100D2EA76 /* TTSManager.swift */; };
		A853E1422A58D9C800D2EA76 /* ViewExtension.swift in Sources */ = {isa = PBXBuildFile; fileRef = A853E1412A58D9C800D2EA76 /* ViewExtension.swift */; };
		A853E1452A58DA1700D2EA76 /* MainView.swift in Sources */ = {isa = PBXBuildFile; fileRef = A853E1442A58DA1700D2EA76 /* MainView.swift */; };
		A853E1472A58DA3F00D2EA76 /* OnboardingView.swift in Sources */ = {isa = PBXBuildFile; fileRef = A853E1462A58DA3F00D2EA76 /* OnboardingView.swift */; };
		A853E14A2A58DA8600D2EA76 /* Coordinator.swift in Sources */ = {isa = PBXBuildFile; fileRef = A853E1492A58DA8600D2EA76 /* Coordinator.swift */; };
		A853E14C2A58DAEF00D2EA76 /* Destination.swift in Sources */ = {isa = PBXBuildFile; fileRef = A853E14B2A58DAEF00D2EA76 /* Destination.swift */; };
		A853E14F2A58DB1900D2EA76 /* BangUlBangUlView.swift in Sources */ = {isa = PBXBuildFile; fileRef = A853E14E2A58DB1900D2EA76 /* BangUlBangUlView.swift */; };
		A853E1512A58DB2F00D2EA76 /* BanjjakbanjjakView.swift in Sources */ = {isa = PBXBuildFile; fileRef = A853E1502A58DB2F00D2EA76 /* BanjjakbanjjakView.swift */; };
		A853E1532A58DB4900D2EA76 /* ChulLeongChulLeongView.swift in Sources */ = {isa = PBXBuildFile; fileRef = A853E1522A58DB4900D2EA76 /* ChulLeongChulLeongView.swift */; };
		A853E1552A58DB6000D2EA76 /* DugeunDugeunView.swift in Sources */ = {isa = PBXBuildFile; fileRef = A853E1542A58DB6000D2EA76 /* DugeunDugeunView.swift */; };
		A853E1572A58DB9100D2EA76 /* JjaengJjaengView.swift in Sources */ = {isa = PBXBuildFile; fileRef = A853E1562A58DB9100D2EA76 /* JjaengJjaengView.swift */; };
		A853E1592A58DBA500D2EA76 /* JuRukJuRukView.swift in Sources */ = {isa = PBXBuildFile; fileRef = A853E1582A58DBA500D2EA76 /* JuRukJuRukView.swift */; };
/* End PBXBuildFile section */

/* Begin PBXFileReference section */
		A853E1152A58D4CA00D2EA76 /* Feel Hangeul.app */ = {isa = PBXFileReference; explicitFileType = wrapper.application; includeInIndex = 0; path = "Feel Hangeul.app"; sourceTree = BUILT_PRODUCTS_DIR; };
		A853E1182A58D4CA00D2EA76 /* Feel_HangeulApp.swift */ = {isa = PBXFileReference; lastKnownFileType = sourcecode.swift; path = Feel_HangeulApp.swift; sourceTree = "<group>"; };
		A853E11A2A58D4CA00D2EA76 /* ContentView.swift */ = {isa = PBXFileReference; lastKnownFileType = sourcecode.swift; path = ContentView.swift; sourceTree = "<group>"; };
		A853E11C2A58D4CB00D2EA76 /* Assets.xcassets */ = {isa = PBXFileReference; lastKnownFileType = folder.assetcatalog; path = Assets.xcassets; sourceTree = "<group>"; };
		A853E11F2A58D4CB00D2EA76 /* Preview Assets.xcassets */ = {isa = PBXFileReference; lastKnownFileType = folder.assetcatalog; path = "Preview Assets.xcassets"; sourceTree = "<group>"; };
		A853E1292A58D7F400D2EA76 /* Color.swift */ = {isa = PBXFileReference; lastKnownFileType = sourcecode.swift; path = Color.swift; sourceTree = "<group>"; };
		A853E12C2A58D82F00D2EA76 /* CapusuleGroupView.swift */ = {isa = PBXFileReference; lastKnownFileType = sourcecode.swift; path = CapusuleGroupView.swift; sourceTree = "<group>"; };
		A853E12E2A58D85500D2EA76 /* ShrinkingCapsule.swift */ = {isa = PBXFileReference; lastKnownFileType = sourcecode.swift; path = ShrinkingCapsule.swift; sourceTree = "<group>"; };
		A853E1302A58D87400D2EA76 /* DetailWordView.swift */ = {isa = PBXFileReference; lastKnownFileType = sourcecode.swift; path = DetailWordView.swift; sourceTree = "<group>"; };
		A853E1322A58D8B900D2EA76 /* HeartBeatView.swift */ = {isa = PBXFileReference; lastKnownFileType = sourcecode.swift; path = HeartBeatView.swift; sourceTree = "<group>"; };
		A853E1342A58D8D900D2EA76 /* LowerCapsuleView.swift */ = {isa = PBXFileReference; lastKnownFileType = sourcecode.swift; path = LowerCapsuleView.swift; sourceTree = "<group>"; };
		A853E1362A58D8F700D2EA76 /* wordCardView.swift */ = {isa = PBXFileReference; lastKnownFileType = sourcecode.swift; path = wordCardView.swift; sourceTree = "<group>"; };
		A853E1392A58D96000D2EA76 /* Const.swift */ = {isa = PBXFileReference; lastKnownFileType = sourcecode.swift; path = Const.swift; sourceTree = "<group>"; };
		A853E13B2A58D97400D2EA76 /* CyclicTimelineSchedule.swift */ = {isa = PBXFileReference; lastKnownFileType = sourcecode.swift; path = CyclicTimelineSchedule.swift; sourceTree = "<group>"; };
		A853E13D2A58D99A00D2EA76 /* SoundManager.swift */ = {isa = PBXFileReference; lastKnownFileType = sourcecode.swift; path = SoundManager.swift; sourceTree = "<group>"; };
		A853E13F2A58D9B100D2EA76 /* TTSManager.swift */ = {isa = PBXFileReference; lastKnownFileType = sourcecode.swift; path = TTSManager.swift; sourceTree = "<group>"; };
		A853E1412A58D9C800D2EA76 /* ViewExtension.swift */ = {isa = PBXFileReference; lastKnownFileType = sourcecode.swift; path = ViewExtension.swift; sourceTree = "<group>"; };
		A853E1442A58DA1700D2EA76 /* MainView.swift */ = {isa = PBXFileReference; lastKnownFileType = sourcecode.swift; path = MainView.swift; sourceTree = "<group>"; };
		A853E1462A58DA3F00D2EA76 /* OnboardingView.swift */ = {isa = PBXFileReference; lastKnownFileType = sourcecode.swift; path = OnboardingView.swift; sourceTree = "<group>"; };
		A853E1492A58DA8600D2EA76 /* Coordinator.swift */ = {isa = PBXFileReference; lastKnownFileType = sourcecode.swift; path = Coordinator.swift; sourceTree = "<group>"; };
		A853E14B2A58DAEF00D2EA76 /* Destination.swift */ = {isa = PBXFileReference; lastKnownFileType = sourcecode.swift; path = Destination.swift; sourceTree = "<group>"; };
		A853E14E2A58DB1900D2EA76 /* BangUlBangUlView.swift */ = {isa = PBXFileReference; lastKnownFileType = sourcecode.swift; path = BangUlBangUlView.swift; sourceTree = "<group>"; };
		A853E1502A58DB2F00D2EA76 /* BanjjakbanjjakView.swift */ = {isa = PBXFileReference; lastKnownFileType = sourcecode.swift; path = BanjjakbanjjakView.swift; sourceTree = "<group>"; };
		A853E1522A58DB4900D2EA76 /* ChulLeongChulLeongView.swift */ = {isa = PBXFileReference; lastKnownFileType = sourcecode.swift; path = ChulLeongChulLeongView.swift; sourceTree = "<group>"; };
		A853E1542A58DB6000D2EA76 /* DugeunDugeunView.swift */ = {isa = PBXFileReference; lastKnownFileType = sourcecode.swift; path = DugeunDugeunView.swift; sourceTree = "<group>"; };
		A853E1562A58DB9100D2EA76 /* JjaengJjaengView.swift */ = {isa = PBXFileReference; lastKnownFileType = sourcecode.swift; path = JjaengJjaengView.swift; sourceTree = "<group>"; };
		A853E1582A58DBA500D2EA76 /* JuRukJuRukView.swift */ = {isa = PBXFileReference; lastKnownFileType = sourcecode.swift; path = JuRukJuRukView.swift; sourceTree = "<group>"; };
/* End PBXFileReference section */

/* Begin PBXFrameworksBuildPhase section */
		A853E1122A58D4CA00D2EA76 /* Frameworks */ = {
			isa = PBXFrameworksBuildPhase;
			buildActionMask = 2147483647;
			files = (
			);
			runOnlyForDeploymentPostprocessing = 0;
		};
/* End PBXFrameworksBuildPhase section */

/* Begin PBXGroup section */
		A853E10C2A58D4CA00D2EA76 = {
			isa = PBXGroup;
			children = (
				A853E1172A58D4CA00D2EA76 /* Feel Hangeul */,
				A853E1162A58D4CA00D2EA76 /* Products */,
			);
			sourceTree = "<group>";
		};
		A853E1162A58D4CA00D2EA76 /* Products */ = {
			isa = PBXGroup;
			children = (
				A853E1152A58D4CA00D2EA76 /* Feel Hangeul.app */,
			);
			name = Products;
			sourceTree = "<group>";
		};
		A853E1172A58D4CA00D2EA76 /* Feel Hangeul */ = {
			isa = PBXGroup;
			children = (
				A853E1272A58D7D200D2EA76 /* DesignSystem */,
				A853E1262A58D7C000D2EA76 /* Presentation */,
				A853E11C2A58D4CB00D2EA76 /* Assets.xcassets */,
				A853E11E2A58D4CB00D2EA76 /* Preview Content */,
			);
			path = "Feel Hangeul";
			sourceTree = "<group>";
		};
		A853E11E2A58D4CB00D2EA76 /* Preview Content */ = {
			isa = PBXGroup;
			children = (
				A853E11F2A58D4CB00D2EA76 /* Preview Assets.xcassets */,
			);
			path = "Preview Content";
			sourceTree = "<group>";
		};
		A853E1262A58D7C000D2EA76 /* Presentation */ = {
			isa = PBXGroup;
			children = (
				A853E1432A58D9E900D2EA76 /* BasicScene */,
				A853E1482A58DA5000D2EA76 /* Flow */,
				A853E14D2A58DAFA00D2EA76 /* WordScene */,
			);
			path = Presentation;
			sourceTree = "<group>";
		};
		A853E1272A58D7D200D2EA76 /* DesignSystem */ = {
			isa = PBXGroup;
			children = (
				A853E1282A58D7E000D2EA76 /* Color */,
				A853E12B2A58D80700D2EA76 /* Components */,
				A853E1382A58D92000D2EA76 /* Manager */,
			);
			path = DesignSystem;
			sourceTree = "<group>";
		};
		A853E1282A58D7E000D2EA76 /* Color */ = {
			isa = PBXGroup;
			children = (
				A853E1292A58D7F400D2EA76 /* Color.swift */,
			);
			path = Color;
			sourceTree = "<group>";
		};
		A853E12B2A58D80700D2EA76 /* Components */ = {
			isa = PBXGroup;
			children = (
				A853E12C2A58D82F00D2EA76 /* CapusuleGroupView.swift */,
				A853E1302A58D87400D2EA76 /* DetailWordView.swift */,
				A853E1322A58D8B900D2EA76 /* HeartBeatView.swift */,
				A853E12E2A58D85500D2EA76 /* ShrinkingCapsule.swift */,
				A853E1342A58D8D900D2EA76 /* LowerCapsuleView.swift */,
				A853E1362A58D8F700D2EA76 /* wordCardView.swift */,
			);
			path = Components;
			sourceTree = "<group>";
		};
		A853E1382A58D92000D2EA76 /* Manager */ = {
			isa = PBXGroup;
			children = (
				A853E1392A58D96000D2EA76 /* Const.swift */,
				A853E13B2A58D97400D2EA76 /* CyclicTimelineSchedule.swift */,
				A853E13D2A58D99A00D2EA76 /* SoundManager.swift */,
				A853E13F2A58D9B100D2EA76 /* TTSManager.swift */,
				A853E1412A58D9C800D2EA76 /* ViewExtension.swift */,
			);
			path = Manager;
			sourceTree = "<group>";
		};
		A853E1432A58D9E900D2EA76 /* BasicScene */ = {
			isa = PBXGroup;
			children = (
				A853E1182A58D4CA00D2EA76 /* Feel_HangeulApp.swift */,
				A853E11A2A58D4CA00D2EA76 /* ContentView.swift */,
				A853E1442A58DA1700D2EA76 /* MainView.swift */,
				A853E1462A58DA3F00D2EA76 /* OnboardingView.swift */,
			);
			path = BasicScene;
			sourceTree = "<group>";
		};
		A853E1482A58DA5000D2EA76 /* Flow */ = {
			isa = PBXGroup;
			children = (
				A853E1492A58DA8600D2EA76 /* Coordinator.swift */,
				A853E14B2A58DAEF00D2EA76 /* Destination.swift */,
			);
			path = Flow;
			sourceTree = "<group>";
		};
		A853E14D2A58DAFA00D2EA76 /* WordScene */ = {
			isa = PBXGroup;
			children = (
				A853E14E2A58DB1900D2EA76 /* BangUlBangUlView.swift */,
				A853E1502A58DB2F00D2EA76 /* BanjjakbanjjakView.swift */,
				A853E1522A58DB4900D2EA76 /* ChulLeongChulLeongView.swift */,
				A853E1542A58DB6000D2EA76 /* DugeunDugeunView.swift */,
				A853E1562A58DB9100D2EA76 /* JjaengJjaengView.swift */,
				A853E1582A58DBA500D2EA76 /* JuRukJuRukView.swift */,
			);
			path = WordScene;
			sourceTree = "<group>";
		};
/* End PBXGroup section */

/* Begin PBXNativeTarget section */
		A853E1142A58D4CA00D2EA76 /* Feel Hangeul */ = {
			isa = PBXNativeTarget;
			buildConfigurationList = A853E1232A58D4CB00D2EA76 /* Build configuration list for PBXNativeTarget "Feel Hangeul" */;
			buildPhases = (
				A853E1112A58D4CA00D2EA76 /* Sources */,
				A853E1122A58D4CA00D2EA76 /* Frameworks */,
				A853E1132A58D4CA00D2EA76 /* Resources */,
			);
			buildRules = (
			);
			dependencies = (
			);
			name = "Feel Hangeul";
			productName = "Feel Hangeul";
			productReference = A853E1152A58D4CA00D2EA76 /* Feel Hangeul.app */;
			productType = "com.apple.product-type.application";
		};
/* End PBXNativeTarget section */

/* Begin PBXProject section */
		A853E10D2A58D4CA00D2EA76 /* Project object */ = {
			isa = PBXProject;
			attributes = {
				BuildIndependentTargetsInParallel = 1;
				LastSwiftUpdateCheck = 1430;
				LastUpgradeCheck = 1430;
				TargetAttributes = {
					A853E1142A58D4CA00D2EA76 = {
						CreatedOnToolsVersion = 14.3;
					};
				};
			};
			buildConfigurationList = A853E1102A58D4CA00D2EA76 /* Build configuration list for PBXProject "Feel Hangeul" */;
			compatibilityVersion = "Xcode 14.0";
			developmentRegion = en;
			hasScannedForEncodings = 0;
			knownRegions = (
				en,
				Base,
			);
			mainGroup = A853E10C2A58D4CA00D2EA76;
			productRefGroup = A853E1162A58D4CA00D2EA76 /* Products */;
			projectDirPath = "";
			projectRoot = "";
			targets = (
				A853E1142A58D4CA00D2EA76 /* Feel Hangeul */,
			);
		};
/* End PBXProject section */

/* Begin PBXResourcesBuildPhase section */
		A853E1132A58D4CA00D2EA76 /* Resources */ = {
			isa = PBXResourcesBuildPhase;
			buildActionMask = 2147483647;
			files = (
				A853E1202A58D4CB00D2EA76 /* Preview Assets.xcassets in Resources */,
				A853E11D2A58D4CB00D2EA76 /* Assets.xcassets in Resources */,
			);
			runOnlyForDeploymentPostprocessing = 0;
		};
/* End PBXResourcesBuildPhase section */

/* Begin PBXSourcesBuildPhase section */
		A853E1112A58D4CA00D2EA76 /* Sources */ = {
			isa = PBXSourcesBuildPhase;
			buildActionMask = 2147483647;
			files = (
				A853E1572A58DB9100D2EA76 /* JjaengJjaengView.swift in Sources */,
				A853E1372A58D8F700D2EA76 /* wordCardView.swift in Sources */,
				A853E14F2A58DB1900D2EA76 /* BangUlBangUlView.swift in Sources */,
				A853E13C2A58D97400D2EA76 /* CyclicTimelineSchedule.swift in Sources */,
				A853E12D2A58D82F00D2EA76 /* CapusuleGroupView.swift in Sources */,
				A853E1512A58DB2F00D2EA76 /* BanjjakbanjjakView.swift in Sources */,
				A853E12F2A58D85500D2EA76 /* ShrinkingCapsule.swift in Sources */,
				A853E1352A58D8D900D2EA76 /* LowerCapsuleView.swift in Sources */,
				A853E13E2A58D99A00D2EA76 /* SoundManager.swift in Sources */,
				A853E1402A58D9B100D2EA76 /* TTSManager.swift in Sources */,
				A853E11B2A58D4CA00D2EA76 /* ContentView.swift in Sources */,
				A853E1332A58D8B900D2EA76 /* HeartBeatView.swift in Sources */,
				A853E1592A58DBA500D2EA76 /* JuRukJuRukView.swift in Sources */,
				A853E1312A58D87400D2EA76 /* DetailWordView.swift in Sources */,
				A853E1552A58DB6000D2EA76 /* DugeunDugeunView.swift in Sources */,
				A853E14A2A58DA8600D2EA76 /* Coordinator.swift in Sources */,
				A853E1422A58D9C800D2EA76 /* ViewExtension.swift in Sources */,
				A853E1192A58D4CA00D2EA76 /* Feel_HangeulApp.swift in Sources */,
				A853E12A2A58D7F400D2EA76 /* Color.swift in Sources */,
				A853E14C2A58DAEF00D2EA76 /* Destination.swift in Sources */,
				A853E1532A58DB4900D2EA76 /* ChulLeongChulLeongView.swift in Sources */,
				A853E1472A58DA3F00D2EA76 /* OnboardingView.swift in Sources */,
				A853E1452A58DA1700D2EA76 /* MainView.swift in Sources */,
				A853E13A2A58D96000D2EA76 /* Const.swift in Sources */,
			);
			runOnlyForDeploymentPostprocessing = 0;
		};
/* End PBXSourcesBuildPhase section */

/* Begin XCBuildConfiguration section */
		A853E1212A58D4CB00D2EA76 /* Debug */ = {
			isa = XCBuildConfiguration;
			buildSettings = {
				ALWAYS_SEARCH_USER_PATHS = NO;
				CLANG_ANALYZER_NONNULL = YES;
				CLANG_ANALYZER_NUMBER_OBJECT_CONVERSION = YES_AGGRESSIVE;
				CLANG_CXX_LANGUAGE_STANDARD = "gnu++20";
				CLANG_ENABLE_MODULES = YES;
				CLANG_ENABLE_OBJC_ARC = YES;
				CLANG_ENABLE_OBJC_WEAK = YES;
				CLANG_WARN_BLOCK_CAPTURE_AUTORELEASING = YES;
				CLANG_WARN_BOOL_CONVERSION = YES;
				CLANG_WARN_COMMA = YES;
				CLANG_WARN_CONSTANT_CONVERSION = YES;
				CLANG_WARN_DEPRECATED_OBJC_IMPLEMENTATIONS = YES;
				CLANG_WARN_DIRECT_OBJC_ISA_USAGE = YES_ERROR;
				CLANG_WARN_DOCUMENTATION_COMMENTS = YES;
				CLANG_WARN_EMPTY_BODY = YES;
				CLANG_WARN_ENUM_CONVERSION = YES;
				CLANG_WARN_INFINITE_RECURSION = YES;
				CLANG_WARN_INT_CONVERSION = YES;
				CLANG_WARN_NON_LITERAL_NULL_CONVERSION = YES;
				CLANG_WARN_OBJC_IMPLICIT_RETAIN_SELF = YES;
				CLANG_WARN_OBJC_LITERAL_CONVERSION = YES;
				CLANG_WARN_OBJC_ROOT_CLASS = YES_ERROR;
				CLANG_WARN_QUOTED_INCLUDE_IN_FRAMEWORK_HEADER = YES;
				CLANG_WARN_RANGE_LOOP_ANALYSIS = YES;
				CLANG_WARN_STRICT_PROTOTYPES = YES;
				CLANG_WARN_SUSPICIOUS_MOVE = YES;
				CLANG_WARN_UNGUARDED_AVAILABILITY = YES_AGGRESSIVE;
				CLANG_WARN_UNREACHABLE_CODE = YES;
				CLANG_WARN__DUPLICATE_METHOD_MATCH = YES;
				COPY_PHASE_STRIP = NO;
				DEBUG_INFORMATION_FORMAT = dwarf;
				ENABLE_STRICT_OBJC_MSGSEND = YES;
				ENABLE_TESTABILITY = YES;
				GCC_C_LANGUAGE_STANDARD = gnu11;
				GCC_DYNAMIC_NO_PIC = NO;
				GCC_NO_COMMON_BLOCKS = YES;
				GCC_OPTIMIZATION_LEVEL = 0;
				GCC_PREPROCESSOR_DEFINITIONS = (
					"DEBUG=1",
					"$(inherited)",
				);
				GCC_WARN_64_TO_32_BIT_CONVERSION = YES;
				GCC_WARN_ABOUT_RETURN_TYPE = YES_ERROR;
				GCC_WARN_UNDECLARED_SELECTOR = YES;
				GCC_WARN_UNINITIALIZED_AUTOS = YES_AGGRESSIVE;
				GCC_WARN_UNUSED_FUNCTION = YES;
				GCC_WARN_UNUSED_VARIABLE = YES;
				IPHONEOS_DEPLOYMENT_TARGET = 16.4;
				MTL_ENABLE_DEBUG_INFO = INCLUDE_SOURCE;
				MTL_FAST_MATH = YES;
				ONLY_ACTIVE_ARCH = YES;
				SDKROOT = iphoneos;
				SWIFT_ACTIVE_COMPILATION_CONDITIONS = DEBUG;
				SWIFT_OPTIMIZATION_LEVEL = "-Onone";
			};
			name = Debug;
		};
		A853E1222A58D4CB00D2EA76 /* Release */ = {
			isa = XCBuildConfiguration;
			buildSettings = {
				ALWAYS_SEARCH_USER_PATHS = NO;
				CLANG_ANALYZER_NONNULL = YES;
				CLANG_ANALYZER_NUMBER_OBJECT_CONVERSION = YES_AGGRESSIVE;
				CLANG_CXX_LANGUAGE_STANDARD = "gnu++20";
				CLANG_ENABLE_MODULES = YES;
				CLANG_ENABLE_OBJC_ARC = YES;
				CLANG_ENABLE_OBJC_WEAK = YES;
				CLANG_WARN_BLOCK_CAPTURE_AUTORELEASING = YES;
				CLANG_WARN_BOOL_CONVERSION = YES;
				CLANG_WARN_COMMA = YES;
				CLANG_WARN_CONSTANT_CONVERSION = YES;
				CLANG_WARN_DEPRECATED_OBJC_IMPLEMENTATIONS = YES;
				CLANG_WARN_DIRECT_OBJC_ISA_USAGE = YES_ERROR;
				CLANG_WARN_DOCUMENTATION_COMMENTS = YES;
				CLANG_WARN_EMPTY_BODY = YES;
				CLANG_WARN_ENUM_CONVERSION = YES;
				CLANG_WARN_INFINITE_RECURSION = YES;
				CLANG_WARN_INT_CONVERSION = YES;
				CLANG_WARN_NON_LITERAL_NULL_CONVERSION = YES;
				CLANG_WARN_OBJC_IMPLICIT_RETAIN_SELF = YES;
				CLANG_WARN_OBJC_LITERAL_CONVERSION = YES;
				CLANG_WARN_OBJC_ROOT_CLASS = YES_ERROR;
				CLANG_WARN_QUOTED_INCLUDE_IN_FRAMEWORK_HEADER = YES;
				CLANG_WARN_RANGE_LOOP_ANALYSIS = YES;
				CLANG_WARN_STRICT_PROTOTYPES = YES;
				CLANG_WARN_SUSPICIOUS_MOVE = YES;
				CLANG_WARN_UNGUARDED_AVAILABILITY = YES_AGGRESSIVE;
				CLANG_WARN_UNREACHABLE_CODE = YES;
				CLANG_WARN__DUPLICATE_METHOD_MATCH = YES;
				COPY_PHASE_STRIP = NO;
				DEBUG_INFORMATION_FORMAT = "dwarf-with-dsym";
				ENABLE_NS_ASSERTIONS = NO;
				ENABLE_STRICT_OBJC_MSGSEND = YES;
				GCC_C_LANGUAGE_STANDARD = gnu11;
				GCC_NO_COMMON_BLOCKS = YES;
				GCC_WARN_64_TO_32_BIT_CONVERSION = YES;
				GCC_WARN_ABOUT_RETURN_TYPE = YES_ERROR;
				GCC_WARN_UNDECLARED_SELECTOR = YES;
				GCC_WARN_UNINITIALIZED_AUTOS = YES_AGGRESSIVE;
				GCC_WARN_UNUSED_FUNCTION = YES;
				GCC_WARN_UNUSED_VARIABLE = YES;
				IPHONEOS_DEPLOYMENT_TARGET = 16.4;
				MTL_ENABLE_DEBUG_INFO = NO;
				MTL_FAST_MATH = YES;
				SDKROOT = iphoneos;
				SWIFT_COMPILATION_MODE = wholemodule;
				SWIFT_OPTIMIZATION_LEVEL = "-O";
				VALIDATE_PRODUCT = YES;
			};
			name = Release;
		};
		A853E1242A58D4CB00D2EA76 /* Debug */ = {
			isa = XCBuildConfiguration;
			buildSettings = {
				ASSETCATALOG_COMPILER_APPICON_NAME = AppIcon;
				ASSETCATALOG_COMPILER_GLOBAL_ACCENT_COLOR_NAME = AccentColor;
				CODE_SIGN_STYLE = Automatic;
				CURRENT_PROJECT_VERSION = 1;
				DEVELOPMENT_ASSET_PATHS = "\"Feel Hangeul/Preview Content\"";
				DEVELOPMENT_TEAM = XGHDQG66U5;
				ENABLE_PREVIEWS = YES;
				GENERATE_INFOPLIST_FILE = YES;
				INFOPLIST_KEY_UIApplicationSceneManifest_Generation = YES;
				INFOPLIST_KEY_UIApplicationSupportsIndirectInputEvents = YES;
				INFOPLIST_KEY_UILaunchScreen_Generation = YES;
				INFOPLIST_KEY_UISupportedInterfaceOrientations_iPad = "UIInterfaceOrientationPortrait UIInterfaceOrientationPortraitUpsideDown UIInterfaceOrientationLandscapeLeft UIInterfaceOrientationLandscapeRight";
				INFOPLIST_KEY_UISupportedInterfaceOrientations_iPhone = "UIInterfaceOrientationPortrait UIInterfaceOrientationLandscapeLeft UIInterfaceOrientationLandscapeRight";
				IPHONEOS_DEPLOYMENT_TARGET = 15.0;
				LD_RUNPATH_SEARCH_PATHS = (
					"$(inherited)",
					"@executable_path/Frameworks",
				);
				MARKETING_VERSION = 1.0.0;
				PRODUCT_BUNDLE_IDENTIFIER = "com.yings.Feel-Hangeul";
				PRODUCT_NAME = "$(TARGET_NAME)";
				SWIFT_EMIT_LOC_STRINGS = YES;
				SWIFT_VERSION = 5.0;
				TARGETED_DEVICE_FAMILY = "1,2";
			};
			name = Debug;
		};
		A853E1252A58D4CB00D2EA76 /* Release */ = {
			isa = XCBuildConfiguration;
			buildSettings = {
				ASSETCATALOG_COMPILER_APPICON_NAME = AppIcon;
				ASSETCATALOG_COMPILER_GLOBAL_ACCENT_COLOR_NAME = AccentColor;
				CODE_SIGN_STYLE = Automatic;
				CURRENT_PROJECT_VERSION = 1;
				DEVELOPMENT_ASSET_PATHS = "\"Feel Hangeul/Preview Content\"";
				DEVELOPMENT_TEAM = XGHDQG66U5;
				ENABLE_PREVIEWS = YES;
				GENERATE_INFOPLIST_FILE = YES;
				INFOPLIST_KEY_UIApplicationSceneManifest_Generation = YES;
				INFOPLIST_KEY_UIApplicationSupportsIndirectInputEvents = YES;
				INFOPLIST_KEY_UILaunchScreen_Generation = YES;
				INFOPLIST_KEY_UISupportedInterfaceOrientations_iPad = "UIInterfaceOrientationPortrait UIInterfaceOrientationPortraitUpsideDown UIInterfaceOrientationLandscapeLeft UIInterfaceOrientationLandscapeRight";
				INFOPLIST_KEY_UISupportedInterfaceOrientations_iPhone = "UIInterfaceOrientationPortrait UIInterfaceOrientationLandscapeLeft UIInterfaceOrientationLandscapeRight";
				IPHONEOS_DEPLOYMENT_TARGET = 15.0;
				LD_RUNPATH_SEARCH_PATHS = (
					"$(inherited)",
					"@executable_path/Frameworks",
				);
				MARKETING_VERSION = 1.0.0;
				PRODUCT_BUNDLE_IDENTIFIER = "com.yings.Feel-Hangeul";
				PRODUCT_NAME = "$(TARGET_NAME)";
				SWIFT_EMIT_LOC_STRINGS = YES;
				SWIFT_VERSION = 5.0;
				TARGETED_DEVICE_FAMILY = "1,2";
			};
			name = Release;
		};
/* End XCBuildConfiguration section */

/* Begin XCConfigurationList section */
		A853E1102A58D4CA00D2EA76 /* Build configuration list for PBXProject "Feel Hangeul" */ = {
			isa = XCConfigurationList;
			buildConfigurations = (
				A853E1212A58D4CB00D2EA76 /* Debug */,
				A853E1222A58D4CB00D2EA76 /* Release */,
			);
			defaultConfigurationIsVisible = 0;
			defaultConfigurationName = Release;
		};
		A853E1232A58D4CB00D2EA76 /* Build configuration list for PBXNativeTarget "Feel Hangeul" */ = {
			isa = XCConfigurationList;
			buildConfigurations = (
				A853E1242A58D4CB00D2EA76 /* Debug */,
				A853E1252A58D4CB00D2EA76 /* Release */,
			);
			defaultConfigurationIsVisible = 0;
			defaultConfigurationName = Release;
		};
/* End XCConfigurationList section */
	};
	rootObject = A853E10D2A58D4CA00D2EA76 /* Project object */;
}
